
Microsoft Visual Studio Solution File, Format Version 12.00
# Visual Studio Version 17
VisualStudioVersion = 17.3.32901.215
MinimumVisualStudioVersion = 10.0.40219.1
Project("{FAE04EC0-301F-11D3-BF4B-00C04F79EFBC}") = "WineShop", "WineShop\WineShop.csproj", "{E1138F9D-A74A-4A9E-AE03-FFA45D1C394D}"
EndProject
Global
	GlobalSection(SolutionConfigurationPlatforms) = preSolution
		Debug|Any CPU = Debug|Any CPU
		Release|Any CPU = Release|Any CPU
	EndGlobalSection
	GlobalSection(ProjectConfigurationPlatforms) = postSolution
		{E1138F9D-A74A-4A9E-AE03-FFA45D1C394D}.Debug|Any CPU.ActiveCfg = Debug|Any CPU
		{E1138F9D-A74A-4A9E-AE03-FFA45D1C394D}.Debug|Any CPU.Build.0 = Debug|Any CPU
		{E1138F9D-A74A-4A9E-AE03-FFA45D1C394D}.Release|Any CPU.ActiveCfg = Release|Any CPU
		{E1138F9D-A74A-4A9E-AE03-FFA45D1C394D}.Release|Any CPU.Build.0 = Release|Any CPU
	EndGlobalSection
	GlobalSection(SolutionProperties) = preSolution
		HideSolutionNode = FALSE
	EndGlobalSection
	GlobalSection(ExtensibilityGlobals) = postSolution
		SolutionGuid = {5A96D7FD-5EB3-4562-907C-3FD75AB86EFC}
	EndGlobalSection
EndGlobal
