
Microsoft Visual Studio Solution File, Format Version 12.00
# Visual Studio Version 17
VisualStudioVersion = 17.3.32901.215
MinimumVisualStudioVersion = 10.0.40219.1
Project("{FAE04EC0-301F-11D3-BF4B-00C04F79EFBC}") = "GrafikoaProduktuenPrezioak", "..\..\..\..\Erronka\Interfaces\HJAA_Grafikoak_HaritzOtero\Grafikoa3\GrafikoaProduktuenPrezioak.csproj", "{F5BB85F2-6F5D-4EC4-91D9-E785A4B7B714}"
EndProject
Global
	GlobalSection(SolutionConfigurationPlatforms) = preSolution
		Debug|Any CPU = Debug|Any CPU
		Release|Any CPU = Release|Any CPU
	EndGlobalSection
	GlobalSection(ProjectConfigurationPlatforms) = postSolution
		{F5BB85F2-6F5D-4EC4-91D9-E785A4B7B714}.Debug|Any CPU.ActiveCfg = Debug|Any CPU
		{F5BB85F2-6F5D-4EC4-91D9-E785A4B7B714}.Debug|Any CPU.Build.0 = Debug|Any CPU
		{F5BB85F2-6F5D-4EC4-91D9-E785A4B7B714}.Release|Any CPU.ActiveCfg = Release|Any CPU
		{F5BB85F2-6F5D-4EC4-91D9-E785A4B7B714}.Release|Any CPU.Build.0 = Release|Any CPU
	EndGlobalSection
	GlobalSection(SolutionProperties) = preSolution
		HideSolutionNode = FALSE
	EndGlobalSection
	GlobalSection(ExtensibilityGlobals) = postSolution
		SolutionGuid = {CC7926E4-1925-4EC9-A946-5E64D66F7B75}
	EndGlobalSection
EndGlobal
