
Microsoft Visual Studio Solution File, Format Version 12.00
# Visual Studio Version 17
VisualStudioVersion = 17.3.32901.215
MinimumVisualStudioVersion = 10.0.40219.1
Project("{FAE04EC0-301F-11D3-BF4B-00C04F79EFBC}") = "Ariketa1", "Ariketa1\Ariketa1.csproj", "{12378E41-7A03-4846-9F5E-7BDF76C52D37}"
EndProject
Global
	GlobalSection(SolutionConfigurationPlatforms) = preSolution
		Debug|Any CPU = Debug|Any CPU
		Release|Any CPU = Release|Any CPU
	EndGlobalSection
	GlobalSection(ProjectConfigurationPlatforms) = postSolution
		{12378E41-7A03-4846-9F5E-7BDF76C52D37}.Debug|Any CPU.ActiveCfg = Debug|Any CPU
		{12378E41-7A03-4846-9F5E-7BDF76C52D37}.Debug|Any CPU.Build.0 = Debug|Any CPU
		{12378E41-7A03-4846-9F5E-7BDF76C52D37}.Release|Any CPU.ActiveCfg = Release|Any CPU
		{12378E41-7A03-4846-9F5E-7BDF76C52D37}.Release|Any CPU.Build.0 = Release|Any CPU
	EndGlobalSection
	GlobalSection(SolutionProperties) = preSolution
		HideSolutionNode = FALSE
	EndGlobalSection
	GlobalSection(ExtensibilityGlobals) = postSolution
		SolutionGuid = {D9F260DA-149D-47F4-9109-E1BFEEB9C2EB}
	EndGlobalSection
EndGlobal
