
Microsoft Visual Studio Solution File, Format Version 12.00
# Visual Studio Version 17
VisualStudioVersion = 17.3.32901.215
MinimumVisualStudioVersion = 10.0.40219.1
Project("{FAE04EC0-301F-11D3-BF4B-00C04F79EFBC}") = "Grafikoa2", "Grafikoa2\Grafikoa2.csproj", "{7EAC9280-62A6-4D8D-9474-28CD8C7A57BD}"
EndProject
Global
	GlobalSection(SolutionConfigurationPlatforms) = preSolution
		Debug|Any CPU = Debug|Any CPU
		Release|Any CPU = Release|Any CPU
	EndGlobalSection
	GlobalSection(ProjectConfigurationPlatforms) = postSolution
		{7EAC9280-62A6-4D8D-9474-28CD8C7A57BD}.Debug|Any CPU.ActiveCfg = Debug|Any CPU
		{7EAC9280-62A6-4D8D-9474-28CD8C7A57BD}.Debug|Any CPU.Build.0 = Debug|Any CPU
		{7EAC9280-62A6-4D8D-9474-28CD8C7A57BD}.Release|Any CPU.ActiveCfg = Release|Any CPU
		{7EAC9280-62A6-4D8D-9474-28CD8C7A57BD}.Release|Any CPU.Build.0 = Release|Any CPU
	EndGlobalSection
	GlobalSection(SolutionProperties) = preSolution
		HideSolutionNode = FALSE
	EndGlobalSection
	GlobalSection(ExtensibilityGlobals) = postSolution
		SolutionGuid = {21AD782F-5D01-4585-86DF-944FB72F6397}
	EndGlobalSection
EndGlobal
